
Microsoft Visual Studio Solution File, Format Version 12.00
# Visual Studio Version 16
VisualStudioVersion = 16.0.30524.135
MinimumVisualStudioVersion = 10.0.40219.1
Project("{9A19103F-16F7-4668-BE54-9A1E7A4F7556}") = "Abstractions", "Abstractions\Abstractions.csproj", "{0D236877-AC26-428C-B084-1EF6600E8BE5}"
EndProject
Project("{9A19103F-16F7-4668-BE54-9A1E7A4F7556}") = "DB", "DB\DB.csproj", "{7110F9AA-D250-46FC-8357-DE993042035E}"
EndProject
Global
	GlobalSection(SolutionConfigurationPlatforms) = preSolution
		Debug|x64 = Debug|x64
		Release|x64 = Release|x64
	EndGlobalSection
	GlobalSection(ProjectConfigurationPlatforms) = postSolution
		{0D236877-AC26-428C-B084-1EF6600E8BE5}.Debug|x64.ActiveCfg = Debug|x64
		{0D236877-AC26-428C-B084-1EF6600E8BE5}.Debug|x64.Build.0 = Debug|x64
		{0D236877-AC26-428C-B084-1EF6600E8BE5}.Release|x64.ActiveCfg = Release|x64
		{0D236877-AC26-428C-B084-1EF6600E8BE5}.Release|x64.Build.0 = Release|x64
		{7110F9AA-D250-46FC-8357-DE993042035E}.Debug|x64.ActiveCfg = Debug|x64
		{7110F9AA-D250-46FC-8357-DE993042035E}.Debug|x64.Build.0 = Debug|x64
		{7110F9AA-D250-46FC-8357-DE993042035E}.Release|x64.ActiveCfg = Release|x64
		{7110F9AA-D250-46FC-8357-DE993042035E}.Release|x64.Build.0 = Release|x64
	EndGlobalSection
	GlobalSection(SolutionProperties) = preSolution
		HideSolutionNode = FALSE
	EndGlobalSection
	GlobalSection(ExtensibilityGlobals) = postSolution
		SolutionGuid = {8E7DA224-9781-4BEF-BDD0-BBFE96D24DDD}
	EndGlobalSection
EndGlobal
